// !$*UTF8*$!
{
	archiveVersion = 1;
	classes = {
	};
	objectVersion = 77;
	objects = {

/* Begin PBXBuildFile section */
		258CF4072CCCD1AA1AFB6B9D /* AppDelegate.swift in Sources */ = {isa = PBXBuildFile; fileRef = A602EB28B578F74412CD3902 /* AppDelegate.swift */; };
		9546C8F2767897ABA65DB180 /* CopyPathExtension.appex in Embed Foundation Extensions */ = {isa = PBXBuildFile; fileRef = F086682558DFDADCC061FEBA /* CopyPathExtension.appex */; settings = {ATTRIBUTES = (RemoveHeadersOnCopy, ); }; };
		D751C20FD6B2F337FF5E7DB4 /* FinderSync.swift in Sources */ = {isa = PBXBuildFile; fileRef = F05765963C723D1F1662F77F /* FinderSync.swift */; };
/* End PBXBuildFile section */

/* Begin PBXContainerItemProxy section */
		59701B2B554C5F2DA441683B /* PBXContainerItemProxy */ = {
			isa = PBXContainerItemProxy;
			containerPortal = EB0EE6633FFF2ACB8176D214 /* Project object */;
			proxyType = 1;
			remoteGlobalIDString = 6DE70601C2282ECA4A3B402F;
			remoteInfo = CopyPathExtension;
		};
/* End PBXContainerItemProxy section */

/* Begin PBXCopyFilesBuildPhase section */
		57E1165A48A1EEB51BE4FBEA /* Embed Foundation Extensions */ = {
			isa = PBXCopyFilesBuildPhase;
			buildActionMask = 2147483647;
			dstPath = "";
			dstSubfolderSpec = 13;
			files = (
				9546C8F2767897ABA65DB180 /* CopyPathExtension.appex in Embed Foundation Extensions */,
			);
			name = "Embed Foundation Extensions";
			runOnlyForDeploymentPostprocessing = 0;
		};
/* End PBXCopyFilesBuildPhase section */

/* Begin PBXFileReference section */
		0F9974290A2C5977BC191ECC /* CopyPathHelper.app */ = {isa = PBXFileReference; explicitFileType = wrapper.application; includeInIndex = 0; path = CopyPathHelper.app; sourceTree = BUILT_PRODUCTS_DIR; };
		3C65C2677F360F5E41AF463A /* CopyPathExtension.entitlements */ = {isa = PBXFileReference; lastKnownFileType = text.plist.entitlements; path = CopyPathExtension.entitlements; sourceTree = "<group>"; };
		4FB00B65401129301BA22164 /* CopyPathHelper.entitlements */ = {isa = PBXFileReference; lastKnownFileType = text.plist.entitlements; path = CopyPathHelper.entitlements; sourceTree = "<group>"; };
		8CFB3D28212C0DF7048D0465 /* Info.plist */ = {isa = PBXFileReference; lastKnownFileType = text.plist; path = Info.plist; sourceTree = "<group>"; };
		A602EB28B578F74412CD3902 /* AppDelegate.swift */ = {isa = PBXFileReference; lastKnownFileType = sourcecode.swift; path = AppDelegate.swift; sourceTree = "<group>"; };
		AE1E68620B67937F862FB05D /* Info.plist */ = {isa = PBXFileReference; lastKnownFileType = text.plist; path = Info.plist; sourceTree = "<group>"; };
		F05765963C723D1F1662F77F /* FinderSync.swift */ = {isa = PBXFileReference; lastKnownFileType = sourcecode.swift; path = FinderSync.swift; sourceTree = "<group>"; };
		F086682558DFDADCC061FEBA /* CopyPathExtension.appex */ = {isa = PBXFileReference; explicitFileType = "wrapper.app-extension"; includeInIndex = 0; path = CopyPathExtension.appex; sourceTree = BUILT_PRODUCTS_DIR; };
/* End PBXFileReference section */

/* Begin PBXGroup section */
		03DDDF3CF0C24654E54B61EC /* Products */ = {
			isa = PBXGroup;
			children = (
				F086682558DFDADCC061FEBA /* CopyPathExtension.appex */,
				0F9974290A2C5977BC191ECC /* CopyPathHelper.app */,
			);
			name = Products;
			sourceTree = "<group>";
		};
		1063179483FFD751F6CB9088 /* CopyPathHelper */ = {
			isa = PBXGroup;
			children = (
				A602EB28B578F74412CD3902 /* AppDelegate.swift */,
				4FB00B65401129301BA22164 /* CopyPathHelper.entitlements */,
				8CFB3D28212C0DF7048D0465 /* Info.plist */,
			);
			path = CopyPathHelper;
			sourceTree = "<group>";
		};
		A0A02BB35132A462E3EBFBC1 /* CopyPathExtension */ = {
			isa = PBXGroup;
			children = (
				3C65C2677F360F5E41AF463A /* CopyPathExtension.entitlements */,
				F05765963C723D1F1662F77F /* FinderSync.swift */,
				AE1E68620B67937F862FB05D /* Info.plist */,
			);
			path = CopyPathExtension;
			sourceTree = "<group>";
		};
		B85A0BD5E881CBEC0657CA20 = {
			isa = PBXGroup;
			children = (
				A0A02BB35132A462E3EBFBC1 /* CopyPathExtension */,
				1063179483FFD751F6CB9088 /* CopyPathHelper */,
				03DDDF3CF0C24654E54B61EC /* Products */,
			);
			sourceTree = "<group>";
		};
/* End PBXGroup section */

/* Begin PBXNativeTarget section */
		4DF823B2A15D652E2C39F05C /* CopyPathHelper */ = {
			isa = PBXNativeTarget;
			buildConfigurationList = FE2A5BBBB9612E2348EB81B9 /* Build configuration list for PBXNativeTarget "CopyPathHelper" */;
			buildPhases = (
				58A980698EC00F020CB4FD04 /* Sources */,
				57E1165A48A1EEB51BE4FBEA /* Embed Foundation Extensions */,
			);
			buildRules = (
			);
			dependencies = (
				5E39A160E54581D2D61F449D /* PBXTargetDependency */,
			);
			name = CopyPathHelper;
			packageProductDependencies = (
			);
			productName = CopyPathHelper;
			productReference = 0F9974290A2C5977BC191ECC /* CopyPathHelper.app */;
			productType = "com.apple.product-type.application";
		};
		6DE70601C2282ECA4A3B402F /* CopyPathExtension */ = {
			isa = PBXNativeTarget;
			buildConfigurationList = E6F8FD5670102F95A0CCFF71 /* Build configuration list for PBXNativeTarget "CopyPathExtension" */;
			buildPhases = (
				9218DF6750428FCF7CF681AE /* Sources */,
			);
			buildRules = (
			);
			dependencies = (
			);
			name = CopyPathExtension;
			packageProductDependencies = (
			);
			productName = CopyPathExtension;
			productReference = F086682558DFDADCC061FEBA /* CopyPathExtension.appex */;
			productType = "com.apple.product-type.app-extension";
		};
/* End PBXNativeTarget section */

/* Begin PBXProject section */
		EB0EE6633FFF2ACB8176D214 /* Project object */ = {
			isa = PBXProject;
			attributes = {
				BuildIndependentTargetsInParallel = YES;
				LastUpgradeCheck = 1430;
				TargetAttributes = {
					4DF823B2A15D652E2C39F05C = {
						DevelopmentTeam = "";
						ProvisioningStyle = Manual;
					};
					6DE70601C2282ECA4A3B402F = {
						DevelopmentTeam = "";
						ProvisioningStyle = Manual;
					};
				};
			};
			buildConfigurationList = 0A77A052A8550710C13ACD97 /* Build configuration list for PBXProject "CopyPathHelper" */;
			developmentRegion = en;
			hasScannedForEncodings = 0;
			knownRegions = (
				Base,
				en,
			);
			mainGroup = B85A0BD5E881CBEC0657CA20;
			minimizedProjectReferenceProxies = 1;
			preferredProjectObjectVersion = 77;
			productRefGroup = 03DDDF3CF0C24654E54B61EC /* Products */;
			projectDirPath = "";
			projectRoot = "";
			targets = (
				6DE70601C2282ECA4A3B402F /* CopyPathExtension */,
				4DF823B2A15D652E2C39F05C /* CopyPathHelper */,
			);
		};
/* End PBXProject section */

/* Begin PBXSourcesBuildPhase section */
		58A980698EC00F020CB4FD04 /* Sources */ = {
			isa = PBXSourcesBuildPhase;
			buildActionMask = 2147483647;
			files = (
				258CF4072CCCD1AA1AFB6B9D /* AppDelegate.swift in Sources */,
			);
			runOnlyForDeploymentPostprocessing = 0;
		};
		9218DF6750428FCF7CF681AE /* Sources */ = {
			isa = PBXSourcesBuildPhase;
			buildActionMask = 2147483647;
			files = (
				D751C20FD6B2F337FF5E7DB4 /* FinderSync.swift in Sources */,
			);
			runOnlyForDeploymentPostprocessing = 0;
		};
/* End PBXSourcesBuildPhase section */

/* Begin PBXTargetDependency section */
		5E39A160E54581D2D61F449D /* PBXTargetDependency */ = {
			isa = PBXTargetDependency;
			target = 6DE70601C2282ECA4A3B402F /* CopyPathExtension */;
			targetProxy = 59701B2B554C5F2DA441683B /* PBXContainerItemProxy */;
		};
/* End PBXTargetDependency section */

/* Begin XCBuildConfiguration section */
		2CF4D5C90D141C923F0E5A92 /* Release */ = {
			isa = XCBuildConfiguration;
			buildSettings = {
				CODE_SIGN_ENTITLEMENTS = CopyPathExtension/CopyPathExtension.entitlements;
				COMBINE_HIDPI_IMAGES = YES;
				INFOPLIST_FILE = CopyPathExtension/Info.plist;
				LD_RUNPATH_SEARCH_PATHS = "$(inherited) @executable_path/../Frameworks @executable_path/../../../../Frameworks";
				PRODUCT_BUNDLE_IDENTIFIER = com.ojhurst.CopyPathHelper.CopyPathExtension;
				SDKROOT = macosx;
			};
			name = Release;
		};
		3EA1711FF3C0E97D560D801D /* Debug */ = {
			isa = XCBuildConfiguration;
			buildSettings = {
				ALWAYS_EMBED_SWIFT_STANDARD_LIBRARIES = YES;
				ASSETCATALOG_COMPILER_APPICON_NAME = AppIcon;
				CODE_SIGN_ENTITLEMENTS = CopyPathHelper/CopyPathHelper.entitlements;
				COMBINE_HIDPI_IMAGES = YES;
				INFOPLIST_FILE = CopyPathHelper/Info.plist;
				LD_RUNPATH_SEARCH_PATHS = "$(inherited) @executable_path/../Frameworks";
				PRODUCT_BUNDLE_IDENTIFIER = com.ojhurst.CopyPathHelper;
				SDKROOT = macosx;
			};
			name = Debug;
		};
		9F3BC97E36A8E62B21D69FA7 /* Release */ = {
			isa = XCBuildConfiguration;
			buildSettings = {
				ALWAYS_EMBED_SWIFT_STANDARD_LIBRARIES = YES;
				ASSETCATALOG_COMPILER_APPICON_NAME = AppIcon;
				CODE_SIGN_ENTITLEMENTS = CopyPathHelper/CopyPathHelper.entitlements;
				COMBINE_HIDPI_IMAGES = YES;
				INFOPLIST_FILE = CopyPathHelper/Info.plist;
				LD_RUNPATH_SEARCH_PATHS = "$(inherited) @executable_path/../Frameworks";
				PRODUCT_BUNDLE_IDENTIFIER = com.ojhurst.CopyPathHelper;
				SDKROOT = macosx;
			};
			name = Release;
		};
		A4C0681EC2DB1C5C524907B6 /* Debug */ = {
			isa = XCBuildConfiguration;
			buildSettings = {
				CODE_SIGN_ENTITLEMENTS = CopyPathExtension/CopyPathExtension.entitlements;
				COMBINE_HIDPI_IMAGES = YES;
				INFOPLIST_FILE = CopyPathExtension/Info.plist;
				LD_RUNPATH_SEARCH_PATHS = "$(inherited) @executable_path/../Frameworks @executable_path/../../../../Frameworks";
				PRODUCT_BUNDLE_IDENTIFIER = com.ojhurst.CopyPathHelper.CopyPathExtension;
				SDKROOT = macosx;
			};
			name = Debug;
		};
		DDBE84EAEAA77F13A2D09C85 /* Release */ = {
			isa = XCBuildConfiguration;
			buildSettings = {
				ALWAYS_SEARCH_USER_PATHS = NO;
				ARCHS = "arm64 x86_64";
				CLANG_ANALYZER_NONNULL = YES;
				CLANG_ANALYZER_NUMBER_OBJECT_CONVERSION = YES_AGGRESSIVE;
				CLANG_CXX_LANGUAGE_STANDARD = "gnu++14";
				CLANG_CXX_LIBRARY = "libc++";
				CLANG_ENABLE_MODULES = YES;
				CLANG_ENABLE_OBJC_ARC = YES;
				CLANG_ENABLE_OBJC_WEAK = YES;
				CLANG_WARN_BLOCK_CAPTURE_AUTORELEASING = YES;
				CLANG_WARN_BOOL_CONVERSION = YES;
				CLANG_WARN_COMMA = YES;
				CLANG_WARN_CONSTANT_CONVERSION = YES;
				CLANG_WARN_DEPRECATED_OBJC_IMPLEMENTATIONS = YES;
				CLANG_WARN_DIRECT_OBJC_ISA_USAGE = YES_ERROR;
				CLANG_WARN_DOCUMENTATION_COMMENTS = YES;
				CLANG_WARN_EMPTY_BODY = YES;
				CLANG_WARN_ENUM_CONVERSION = YES;
				CLANG_WARN_INFINITE_RECURSION = YES;
				CLANG_WARN_INT_CONVERSION = YES;
				CLANG_WARN_NON_LITERAL_NULL_CONVERSION = YES;
				CLANG_WARN_OBJC_IMPLICIT_RETAIN_SELF = YES;
				CLANG_WARN_OBJC_LITERAL_CONVERSION = YES;
				CLANG_WARN_OBJC_ROOT_CLASS = YES_ERROR;
				CLANG_WARN_QUOTED_INCLUDE_IN_FRAMEWORK_HEADER = YES;
				CLANG_WARN_RANGE_LOOP_ANALYSIS = YES;
				CLANG_WARN_STRICT_PROTOTYPES = YES;
				CLANG_WARN_SUSPICIOUS_MOVE = YES;
				CLANG_WARN_UNGUARDED_AVAILABILITY = YES_AGGRESSIVE;
				CLANG_WARN_UNREACHABLE_CODE = YES;
				CLANG_WARN__DUPLICATE_METHOD_MATCH = YES;
				CODE_SIGN_IDENTITY = "-";
				CODE_SIGN_STYLE = Manual;
				COPY_PHASE_STRIP = NO;
				DEBUG_INFORMATION_FORMAT = "dwarf-with-dsym";
				DEVELOPMENT_TEAM = "";
				ENABLE_NS_ASSERTIONS = NO;
				ENABLE_STRICT_OBJC_MSGSEND = YES;
				GCC_C_LANGUAGE_STANDARD = gnu11;
				GCC_NO_COMMON_BLOCKS = YES;
				GCC_WARN_64_TO_32_BIT_CONVERSION = YES;
				GCC_WARN_ABOUT_RETURN_TYPE = YES_ERROR;
				GCC_WARN_UNDECLARED_SELECTOR = YES;
				GCC_WARN_UNINITIALIZED_AUTOS = YES_AGGRESSIVE;
				GCC_WARN_UNUSED_FUNCTION = YES;
				GCC_WARN_UNUSED_VARIABLE = YES;
				MACOSX_DEPLOYMENT_TARGET = 12.0;
				MTL_ENABLE_DEBUG_INFO = NO;
				MTL_FAST_MATH = YES;
				ONLY_ACTIVE_ARCH = NO;
				PRODUCT_NAME = "$(TARGET_NAME)";
				SDKROOT = macosx;
				SWIFT_COMPILATION_MODE = wholemodule;
				SWIFT_OPTIMIZATION_LEVEL = "-O";
				SWIFT_VERSION = 5.0;
			};
			name = Release;
		};
		FB37E85254D1485051D173BF /* Debug */ = {
			isa = XCBuildConfiguration;
			buildSettings = {
				ALWAYS_SEARCH_USER_PATHS = NO;
				ARCHS = "arm64 x86_64";
				CLANG_ANALYZER_NONNULL = YES;
				CLANG_ANALYZER_NUMBER_OBJECT_CONVERSION = YES_AGGRESSIVE;
				CLANG_CXX_LANGUAGE_STANDARD = "gnu++14";
				CLANG_CXX_LIBRARY = "libc++";
				CLANG_ENABLE_MODULES = YES;
				CLANG_ENABLE_OBJC_ARC = YES;
				CLANG_ENABLE_OBJC_WEAK = YES;
				CLANG_WARN_BLOCK_CAPTURE_AUTORELEASING = YES;
				CLANG_WARN_BOOL_CONVERSION = YES;
				CLANG_WARN_COMMA = YES;
				CLANG_WARN_CONSTANT_CONVERSION = YES;
				CLANG_WARN_DEPRECATED_OBJC_IMPLEMENTATIONS = YES;
				CLANG_WARN_DIRECT_OBJC_ISA_USAGE = YES_ERROR;
				CLANG_WARN_DOCUMENTATION_COMMENTS = YES;
				CLANG_WARN_EMPTY_BODY = YES;
				CLANG_WARN_ENUM_CONVERSION = YES;
				CLANG_WARN_INFINITE_RECURSION = YES;
				CLANG_WARN_INT_CONVERSION = YES;
				CLANG_WARN_NON_LITERAL_NULL_CONVERSION = YES;
				CLANG_WARN_OBJC_IMPLICIT_RETAIN_SELF = YES;
				CLANG_WARN_OBJC_LITERAL_CONVERSION = YES;
				CLANG_WARN_OBJC_ROOT_CLASS = YES_ERROR;
				CLANG_WARN_QUOTED_INCLUDE_IN_FRAMEWORK_HEADER = YES;
				CLANG_WARN_RANGE_LOOP_ANALYSIS = YES;
				CLANG_WARN_STRICT_PROTOTYPES = YES;
				CLANG_WARN_SUSPICIOUS_MOVE = YES;
				CLANG_WARN_UNGUARDED_AVAILABILITY = YES_AGGRESSIVE;
				CLANG_WARN_UNREACHABLE_CODE = YES;
				CLANG_WARN__DUPLICATE_METHOD_MATCH = YES;
				CODE_SIGN_IDENTITY = "-";
				CODE_SIGN_STYLE = Manual;
				COPY_PHASE_STRIP = NO;
				DEBUG_INFORMATION_FORMAT = dwarf;
				DEVELOPMENT_TEAM = "";
				ENABLE_STRICT_OBJC_MSGSEND = YES;
				ENABLE_TESTABILITY = YES;
				GCC_C_LANGUAGE_STANDARD = gnu11;
				GCC_DYNAMIC_NO_PIC = NO;
				GCC_NO_COMMON_BLOCKS = YES;
				GCC_OPTIMIZATION_LEVEL = 0;
				GCC_PREPROCESSOR_DEFINITIONS = (
					"$(inherited)",
					"DEBUG=1",
				);
				GCC_WARN_64_TO_32_BIT_CONVERSION = YES;
				GCC_WARN_ABOUT_RETURN_TYPE = YES_ERROR;
				GCC_WARN_UNDECLARED_SELECTOR = YES;
				GCC_WARN_UNINITIALIZED_AUTOS = YES_AGGRESSIVE;
				GCC_WARN_UNUSED_FUNCTION = YES;
				GCC_WARN_UNUSED_VARIABLE = YES;
				MACOSX_DEPLOYMENT_TARGET = 12.0;
				MTL_ENABLE_DEBUG_INFO = INCLUDE_SOURCE;
				MTL_FAST_MATH = YES;
				ONLY_ACTIVE_ARCH = NO;
				PRODUCT_NAME = "$(TARGET_NAME)";
				SDKROOT = macosx;
				SWIFT_ACTIVE_COMPILATION_CONDITIONS = DEBUG;
				SWIFT_OPTIMIZATION_LEVEL = "-Onone";
				SWIFT_VERSION = 5.0;
			};
			name = Debug;
		};
/* End XCBuildConfiguration section */

/* Begin XCConfigurationList section */
		0A77A052A8550710C13ACD97 /* Build configuration list for PBXProject "CopyPathHelper" */ = {
			isa = XCConfigurationList;
			buildConfigurations = (
				FB37E85254D1485051D173BF /* Debug */,
				DDBE84EAEAA77F13A2D09C85 /* Release */,
			);
			defaultConfigurationIsVisible = 0;
			defaultConfigurationName = Debug;
		};
		E6F8FD5670102F95A0CCFF71 /* Build configuration list for PBXNativeTarget "CopyPathExtension" */ = {
			isa = XCConfigurationList;
			buildConfigurations = (
				A4C0681EC2DB1C5C524907B6 /* Debug */,
				2CF4D5C90D141C923F0E5A92 /* Release */,
			);
			defaultConfigurationIsVisible = 0;
			defaultConfigurationName = Debug;
		};
		FE2A5BBBB9612E2348EB81B9 /* Build configuration list for PBXNativeTarget "CopyPathHelper" */ = {
			isa = XCConfigurationList;
			buildConfigurations = (
				3EA1711FF3C0E97D560D801D /* Debug */,
				9F3BC97E36A8E62B21D69FA7 /* Release */,
			);
			defaultConfigurationIsVisible = 0;
			defaultConfigurationName = Debug;
		};
/* End XCConfigurationList section */
	};
	rootObject = EB0EE6633FFF2ACB8176D214 /* Project object */;
}
